{
  "lockfile_version": "1",
  "packages": {
    "clang-tools@21.1.8": {
      "last_modified": "2026-06-27T07:37:20Z",
      "resolved": "github:NixOS/nixpkgs/3d46470bb3030020f7e1361f33514854f5bfa86d#clang-tools",
      "source": "devbox-search",
      "version": "21.1.8",
      "systems": {
        "aarch64-darwin": {
          "outputs": [
            {
              "name": "out",
              "path": "/nix/store/1a8vywwm26mqnraf0z5indzblg9cq8xf-clang-tools-21.1.8",
              "default": true
            }
          ],
          "store_path": "/nix/store/1a8vywwm26mqnraf0z5indzblg9cq8xf-clang-tools-21.1.8"
        },
        "aarch64-linux": {
          "outputs": [
            {
              "name": "out",
              "path": "/nix/store/r273728n49aqkv13s71x3pg6vi1cwbda-clang-tools-21.1.8",
              "default": true
            }
          ],
          "store_path": "/nix/store/r273728n49aqkv13s71x3pg6vi1cwbda-clang-tools-21.1.8"
        },
        "x86_64-darwin": {
          "outputs": [
            {
              "name": "out",
              "path": "/nix/store/4bg48f0jwh4wfbf0pyh00g5z17yaaz83-clang-tools-21.1.8",
              "default": true
            }
          ],
          "store_path": "/nix/store/4bg48f0jwh4wfbf0pyh00g5z17yaaz83-clang-tools-21.1.8"
        },
        "x86_64-linux": {
          "outputs": [
            {
              "name": "out",
              "path": "/nix/store/zb35i0rcl7mqwq9xl9yxmjcicpnkbx0d-clang-tools-21.1.8",
              "default": true
            }
          ],
          "store_path": "/nix/store/zb35i0rcl7mqwq9xl9yxmjcicpnkbx0d-clang-tools-21.1.8"
        }
      }
    },
    "github:NixOS/nixpkgs/nixpkgs-unstable": {
      "last_modified": "2026-06-30T12:14:11Z",
      "resolved": "github:NixOS/nixpkgs/e52c192be9d7b2c4bd4aed326c8731b35f8bb75c?lastModified=1782821651"
    },
    "go@1.26.3": {
      "last_modified": "2026-05-21T08:15:18Z",
      "resolved": "github:NixOS/nixpkgs/4a29d733e8a7d5b824c3d8c958a946a9867b3eb2#go",
      "source": "devbox-search",
      "version": "1.26.3",
      "systems": {
        "aarch64-darwin": {
          "outputs": [
            {
              "name": "out",
              "path": "/nix/store/7ycp8j45iay38g9mjaxmy4jhwdsrb47y-go-1.26.3",
              "default": true
            }
          ],
          "store_path": "/nix/store/7ycp8j45iay38g9mjaxmy4jhwdsrb47y-go-1.26.3"
        },
        "aarch64-linux": {
          "outputs": [
            {
              "name": "out",
              "path": "/nix/store/jkcwcbwvhgzmxg59798z4clmj4bfv42i-go-1.26.3",
              "default": true
            }
          ],
          "store_path": "/nix/store/jkcwcbwvhgzmxg59798z4clmj4bfv42i-go-1.26.3"
        },
        "x86_64-darwin": {
          "outputs": [
            {
              "name": "out",
              "path": "/nix/store/3f2jzvxmhhlarjqxy1p7i9r5l34siz29-go-1.26.3",
              "default": true
            }
          ],
          "store_path": "/nix/store/3f2jzvxmhhlarjqxy1p7i9r5l34siz29-go-1.26.3"
        },
        "x86_64-linux": {
          "outputs": [
            {
              "name": "out",
              "path": "/nix/store/33fw5m31lfcnk4ff2f0df7j2bxnh8lgk-go-1.26.3",
              "default": true
            }
          ],
          "store_path": "/nix/store/33fw5m31lfcnk4ff2f0df7j2bxnh8lgk-go-1.26.3"
        }
      }
    },
    "gofumpt@0.10.0": {
      "last_modified": "2026-06-27T07:37:20Z",
      "resolved": "github:NixOS/nixpkgs/3d46470bb3030020f7e1361f33514854f5bfa86d#gofumpt",
      "source": "devbox-search",
      "version": "0.10.0",
      "systems": {
        "aarch64-darwin": {
          "outputs": [
            {
              "name": "out",
              "path": "/nix/store/jg59w4mwfzf7mjgv8dxwijal4f30mzwz-gofumpt-0.10.0",
              "default": true
            }
          ],
          "store_path": "/nix/store/jg59w4mwfzf7mjgv8dxwijal4f30mzwz-gofumpt-0.10.0"
        },
        "aarch64-linux": {
          "outputs": [
            {
              "name": "out",
              "path": "/nix/store/fy6p65j59nfjzbwz4899drzkavxydqhj-gofumpt-0.10.0",
              "default": true
            }
          ],
          "store_path": "/nix/store/fy6p65j59nfjzbwz4899drzkavxydqhj-gofumpt-0.10.0"
        },
        "x86_64-darwin": {
          "outputs": [
            {
              "name": "out",
              "path": "/nix/store/gm7fv070sm5xjivk676wg0gy6q87jd2w-gofumpt-0.10.0",
              "default": true
            }
          ],
          "store_path": "/nix/store/gm7fv070sm5xjivk676wg0gy6q87jd2w-gofumpt-0.10.0"
        },
        "x86_64-linux": {
          "outputs": [
            {
              "name": "out",
              "path": "/nix/store/njscsgjf3c410p0ifq6pnba4ack2d6is-gofumpt-0.10.0",
              "default": true
            }
          ],
          "store_path": "/nix/store/njscsgjf3c410p0ifq6pnba4ack2d6is-gofumpt-0.10.0"
        }
      }
    },
    "golangci-lint-langserver@0.0.12": {
      "last_modified": "2026-06-27T07:37:20Z",
      "resolved": "github:NixOS/nixpkgs/3d46470bb3030020f7e1361f33514854f5bfa86d#golangci-lint-langserver",
      "source": "devbox-search",
      "version": "0.0.12",
      "systems": {
        "aarch64-darwin": {
          "outputs": [
            {
              "name": "out",
              "path": "/nix/store/r54qrxd5cc2cbzpyijm3x2wbpsn14y7h-golangci-lint-langserver-0.0.12",
              "default": true
            }
          ],
          "store_path": "/nix/store/r54qrxd5cc2cbzpyijm3x2wbpsn14y7h-golangci-lint-langserver-0.0.12"
        },
        "aarch64-linux": {
          "outputs": [
            {
              "name": "out",
              "path": "/nix/store/p66hdai716cgx3nvrzr7lrf1rlgd33nz-golangci-lint-langserver-0.0.12",
              "default": true
            }
          ],
          "store_path": "/nix/store/p66hdai716cgx3nvrzr7lrf1rlgd33nz-golangci-lint-langserver-0.0.12"
        },
        "x86_64-darwin": {
          "outputs": [
            {
              "name": "out",
              "path": "/nix/store/j685abbfzq3wqldz8kmg7c9fjqxzba1j-golangci-lint-langserver-0.0.12",
              "default": true
            }
          ],
          "store_path": "/nix/store/j685abbfzq3wqldz8kmg7c9fjqxzba1j-golangci-lint-langserver-0.0.12"
        },
        "x86_64-linux": {
          "outputs": [
            {
              "name": "out",
              "path": "/nix/store/xi6x7i8j8w7cdhdjilmx4lfdyr8193zn-golangci-lint-langserver-0.0.12",
              "default": true
            }
          ],
          "store_path": "/nix/store/xi6x7i8j8w7cdhdjilmx4lfdyr8193zn-golangci-lint-langserver-0.0.12"
        }
      }
    },
    "golangci-lint@2.12.2": {
      "last_modified": "2026-06-27T07:37:20Z",
      "resolved": "github:NixOS/nixpkgs/3d46470bb3030020f7e1361f33514854f5bfa86d#golangci-lint",
      "source": "devbox-search",
      "version": "2.12.2",
      "systems": {
        "aarch64-darwin": {
          "outputs": [
            {
              "name": "out",
              "path": "/nix/store/q0mwmg8zin7aw87bllirja1bq58mphh6-golangci-lint-2.12.2",
              "default": true
            }
          ],
          "store_path": "/nix/store/q0mwmg8zin7aw87bllirja1bq58mphh6-golangci-lint-2.12.2"
        },
        "aarch64-linux": {
          "outputs": [
            {
              "name": "out",
              "path": "/nix/store/i6f2vzix80whq7z1z1pklzflxk5nbkwd-golangci-lint-2.12.2",
              "default": true
            }
          ],
          "store_path": "/nix/store/i6f2vzix80whq7z1z1pklzflxk5nbkwd-golangci-lint-2.12.2"
        },
        "x86_64-darwin": {
          "outputs": [
            {
              "name": "out",
              "path": "/nix/store/w8c3i6vmxnnj0xixvjsa9lva3rcd2rvs-golangci-lint-2.12.2",
              "default": true
            }
          ],
          "store_path": "/nix/store/w8c3i6vmxnnj0xixvjsa9lva3rcd2rvs-golangci-lint-2.12.2"
        },
        "x86_64-linux": {
          "outputs": [
            {
              "name": "out",
              "path": "/nix/store/1r5xmhis3iq5cn3wfq2jn62yiwsb97sc-golangci-lint-2.12.2",
              "default": true
            }
          ],
          "store_path": "/nix/store/1r5xmhis3iq5cn3wfq2jn62yiwsb97sc-golangci-lint-2.12.2"
        }
      }
    },
    "golines@0.15.0": {
      "last_modified": "2026-06-27T07:37:20Z",
      "resolved": "github:NixOS/nixpkgs/3d46470bb3030020f7e1361f33514854f5bfa86d#golines",
      "source": "devbox-search",
      "version": "0.15.0",
      "systems": {
        "aarch64-darwin": {
          "outputs": [
            {
              "name": "out",
              "path": "/nix/store/06mlc6kxs64avi210cy4cp3lb92391r6-golines-0.15.0",
              "default": true
            }
          ],
          "store_path": "/nix/store/06mlc6kxs64avi210cy4cp3lb92391r6-golines-0.15.0"
        },
        "aarch64-linux": {
          "outputs": [
            {
              "name": "out",
              "path": "/nix/store/dn1n46fcr4way1qnndrndw96i5xzwca3-golines-0.15.0",
              "default": true
            }
          ],
          "store_path": "/nix/store/dn1n46fcr4way1qnndrndw96i5xzwca3-golines-0.15.0"
        },
        "x86_64-darwin": {
          "outputs": [
            {
              "name": "out",
              "path": "/nix/store/amrhvwzbyc0gn3g4fld50ym3j87gry7l-golines-0.15.0",
              "default": true
            }
          ],
          "store_path": "/nix/store/amrhvwzbyc0gn3g4fld50ym3j87gry7l-golines-0.15.0"
        },
        "x86_64-linux": {
          "outputs": [
            {
              "name": "out",
              "path": "/nix/store/rfhjq02y19zbhmqgsfvvszrrd57m7i00-golines-0.15.0",
              "default": true
            }
          ],
          "store_path": "/nix/store/rfhjq02y19zbhmqgsfvvszrrd57m7i00-golines-0.15.0"
        }
      }
    },
    "gopls@0.22.0": {
      "last_modified": "2026-06-27T07:37:20Z",
      "resolved": "github:NixOS/nixpkgs/3d46470bb3030020f7e1361f33514854f5bfa86d#gopls",
      "source": "devbox-search",
      "version": "0.22.0",
      "systems": {
        "aarch64-darwin": {
          "outputs": [
            {
              "name": "out",
              "path": "/nix/store/arv7k4nzcm19y615n1za89npjwcw4g2s-gopls-0.22.0",
              "default": true
            }
          ],
          "store_path": "/nix/store/arv7k4nzcm19y615n1za89npjwcw4g2s-gopls-0.22.0"
        },
        "aarch64-linux": {
          "outputs": [
            {
              "name": "out",
              "path": "/nix/store/w9hyh9fphlz401rhmv91sva94cpicy8q-gopls-0.22.0",
              "default": true
            }
          ],
          "store_path": "/nix/store/w9hyh9fphlz401rhmv91sva94cpicy8q-gopls-0.22.0"
        },
        "x86_64-darwin": {
          "outputs": [
            {
              "name": "out",
              "path": "/nix/store/6z8644fchcyp265bdfav43f0j99vagfd-gopls-0.22.0",
              "default": true
            }
          ],
          "store_path": "/nix/store/6z8644fchcyp265bdfav43f0j99vagfd-gopls-0.22.0"
        },
        "x86_64-linux": {
          "outputs": [
            {
              "name": "out",
              "path": "/nix/store/9p7k1w1dj1qzm6rmpb8apw4qq27mlqww-gopls-0.22.0",
              "default": true
            }
          ],
          "store_path": "/nix/store/9p7k1w1dj1qzm6rmpb8apw4qq27mlqww-gopls-0.22.0"
        }
      }
    },
    "gotools@0.44.0": {
      "last_modified": "2026-06-27T07:37:20Z",
      "resolved": "github:NixOS/nixpkgs/3d46470bb3030020f7e1361f33514854f5bfa86d#gotools",
      "source": "devbox-search",
      "version": "0.44.0",
      "systems": {
        "aarch64-darwin": {
          "outputs": [
            {
              "name": "out",
              "path": "/nix/store/fh2ikzz3iwlm78r9d12chh7zml4szr1x-gotools-0.44.0",
              "default": true
            }
          ],
          "store_path": "/nix/store/fh2ikzz3iwlm78r9d12chh7zml4szr1x-gotools-0.44.0"
        },
        "aarch64-linux": {
          "outputs": [
            {
              "name": "out",
              "path": "/nix/store/wpfrss2sa04yabkc598qprhpja37jqaz-gotools-0.44.0",
              "default": true
            }
          ],
          "store_path": "/nix/store/wpfrss2sa04yabkc598qprhpja37jqaz-gotools-0.44.0"
        },
        "x86_64-darwin": {
          "outputs": [
            {
              "name": "out",
              "path": "/nix/store/c0gg0pzxcbscxlr07n0idnrkc2mzx7i3-gotools-0.44.0",
              "default": true
            }
          ],
          "store_path": "/nix/store/c0gg0pzxcbscxlr07n0idnrkc2mzx7i3-gotools-0.44.0"
        },
        "x86_64-linux": {
          "outputs": [
            {
              "name": "out",
              "path": "/nix/store/8nd8gnnyll5y584wf9lapk847w53ma03-gotools-0.44.0",
              "default": true
            }
          ],
          "store_path": "/nix/store/8nd8gnnyll5y584wf9lapk847w53ma03-gotools-0.44.0"
        }
      }
    },
    "just-lsp@0.4.7": {
      "last_modified": "2026-06-27T07:37:20Z",
      "resolved": "github:NixOS/nixpkgs/3d46470bb3030020f7e1361f33514854f5bfa86d#just-lsp",
      "source": "devbox-search",
      "version": "0.4.7",
      "systems": {
        "aarch64-darwin": {
          "outputs": [
            {
              "name": "out",
              "path": "/nix/store/4ynkgpk4fwypi6vl0lcz3za1h33q43dx-just-lsp-0.4.7",
              "default": true
            }
          ],
          "store_path": "/nix/store/4ynkgpk4fwypi6vl0lcz3za1h33q43dx-just-lsp-0.4.7"
        },
        "aarch64-linux": {
          "outputs": [
            {
              "name": "out",
              "path": "/nix/store/c2h9r59g3h89hdjf2pvbxnphf76ixmjf-just-lsp-0.4.7",
              "default": true
            }
          ],
          "store_path": "/nix/store/c2h9r59g3h89hdjf2pvbxnphf76ixmjf-just-lsp-0.4.7"
        },
        "x86_64-darwin": {
          "outputs": [
            {
              "name": "out",
              "path": "/nix/store/ndv9gg74bncr4ivahprvg22x6y0ijiqc-just-lsp-0.4.7",
              "default": true
            }
          ],
          "store_path": "/nix/store/ndv9gg74bncr4ivahprvg22x6y0ijiqc-just-lsp-0.4.7"
        },
        "x86_64-linux": {
          "outputs": [
            {
              "name": "out",
              "path": "/nix/store/f5658yf42dd72mqjq0ikpg1jlhpvhld3-just-lsp-0.4.7",
              "default": true
            }
          ],
          "store_path": "/nix/store/f5658yf42dd72mqjq0ikpg1jlhpvhld3-just-lsp-0.4.7"
        }
      }
    },
    "just@1.53.0": {
      "last_modified": "2026-06-22T09:00:13Z",
      "resolved": "github:NixOS/nixpkgs/b3c092d3c36d91e2f61f3dfb39a159f180a56659#just",
      "source": "devbox-search",
      "version": "1.53.0",
      "systems": {
        "aarch64-darwin": {
          "outputs": [
            {
              "name": "out",
              "path": "/nix/store/qzcfi3lhaln1gfbfp0m455lg3b253k73-just-1.53.0",
              "default": true
            },
            {
              "name": "man",
              "path": "/nix/store/3s9jx5zqmxkq06v1jmvx7afgm4c30v7b-just-1.53.0-man",
              "default": true
            },
            {
              "name": "doc",
              "path": "/nix/store/3y6gm7gdb1d4bds2i84hcsafm67gak89-just-1.53.0-doc"
            }
          ],
          "store_path": "/nix/store/qzcfi3lhaln1gfbfp0m455lg3b253k73-just-1.53.0"
        },
        "aarch64-linux": {
          "outputs": [
            {
              "name": "out",
              "path": "/nix/store/11vqnmg20rfj2l3rcdxfxdiimlh3429q-just-1.53.0",
              "default": true
            },
            {
              "name": "man",
              "path": "/nix/store/85lach9maydzka3v9gnnxd154l6c0g1f-just-1.53.0-man",
              "default": true
            },
            {
              "name": "doc",
              "path": "/nix/store/j3n0wnfnnppwvis73c07mfajg1wbhlf9-just-1.53.0-doc"
            }
          ],
          "store_path": "/nix/store/11vqnmg20rfj2l3rcdxfxdiimlh3429q-just-1.53.0"
        },
        "x86_64-darwin": {
          "outputs": [
            {
              "name": "out",
              "path": "/nix/store/2dgihfc7c755qdganrmg3ny8yslk7180-just-1.53.0",
              "default": true
            },
            {
              "name": "man",
              "path": "/nix/store/pffpwj8ciyip83hly3kjvv64w2x97x28-just-1.53.0-man",
              "default": true
            },
            {
              "name": "doc",
              "path": "/nix/store/k2z6y62d2k2g1m13fwbg7cmqd6bbxiyw-just-1.53.0-doc"
            }
          ],
          "store_path": "/nix/store/2dgihfc7c755qdganrmg3ny8yslk7180-just-1.53.0"
        },
        "x86_64-linux": {
          "outputs": [
            {
              "name": "out",
              "path": "/nix/store/ajycqj9hm5316j7rys0al2kbmyv24yzd-just-1.53.0",
              "default": true
            },
            {
              "name": "man",
              "path": "/nix/store/7x8chhvwdpsyxlz48b4by03rzqli9yag-just-1.53.0-man",
              "default": true
            },
            {
              "name": "doc",
              "path": "/nix/store/017cyxc2jx2bmsvsm4j53dz3awaaq5id-just-1.53.0-doc"
            }
          ],
          "store_path": "/nix/store/ajycqj9hm5316j7rys0al2kbmyv24yzd-just-1.53.0"
        }
      }
    },
    "nixd@2.9.1": {
      "last_modified": "2026-06-27T07:37:20Z",
      "resolved": "github:NixOS/nixpkgs/3d46470bb3030020f7e1361f33514854f5bfa86d#nixd",
      "source": "devbox-search",
      "version": "2.9.1",
      "systems": {
        "aarch64-darwin": {
          "outputs": [
            {
              "name": "out",
              "path": "/nix/store/dl6dkhb4md66s122xzb6qwp1db249v4c-nixd-2.9.1",
              "default": true
            }
          ],
          "store_path": "/nix/store/dl6dkhb4md66s122xzb6qwp1db249v4c-nixd-2.9.1"
        },
        "aarch64-linux": {
          "outputs": [
            {
              "name": "out",
              "path": "/nix/store/9w5l7637zf87v7388hsfzp8lyc701hnw-nixd-2.9.1",
              "default": true
            }
          ],
          "store_path": "/nix/store/9w5l7637zf87v7388hsfzp8lyc701hnw-nixd-2.9.1"
        },
        "x86_64-darwin": {
          "outputs": [
            {
              "name": "out",
              "path": "/nix/store/gmp3fq0jmmmiwiq8sp989cx572qhsm3w-nixd-2.9.1",
              "default": true
            }
          ],
          "store_path": "/nix/store/gmp3fq0jmmmiwiq8sp989cx572qhsm3w-nixd-2.9.1"
        },
        "x86_64-linux": {
          "outputs": [
            {
              "name": "out",
              "path": "/nix/store/w3n8ij71zax4smb9c1aib5m89gip7hzs-nixd-2.9.1",
              "default": true
            }
          ],
          "store_path": "/nix/store/w3n8ij71zax4smb9c1aib5m89gip7hzs-nixd-2.9.1"
        }
      }
    },
    "nixfmt@1.3.1": {
      "last_modified": "2026-06-27T07:37:20Z",
      "resolved": "github:NixOS/nixpkgs/3d46470bb3030020f7e1361f33514854f5bfa86d#nixfmt",
      "source": "devbox-search",
      "version": "1.3.1",
      "systems": {
        "aarch64-darwin": {
          "outputs": [
            {
              "name": "out",
              "path": "/nix/store/8qrkgg3a2bk28frgrckh4w9zb5bhnznb-nixfmt-1.3.1",
              "default": true
            }
          ],
          "store_path": "/nix/store/8qrkgg3a2bk28frgrckh4w9zb5bhnznb-nixfmt-1.3.1"
        },
        "aarch64-linux": {
          "outputs": [
            {
              "name": "out",
              "path": "/nix/store/8lzs5mf3zfpjgjrk2gs20875h9zfymjf-nixfmt-1.3.1",
              "default": true
            }
          ],
          "store_path": "/nix/store/8lzs5mf3zfpjgjrk2gs20875h9zfymjf-nixfmt-1.3.1"
        },
        "x86_64-darwin": {
          "outputs": [
            {
              "name": "out",
              "path": "/nix/store/j9nz1zjps3azx4cggfhjvy4cbb7lhwlg-nixfmt-1.3.1",
              "default": true
            }
          ],
          "store_path": "/nix/store/j9nz1zjps3azx4cggfhjvy4cbb7lhwlg-nixfmt-1.3.1"
        },
        "x86_64-linux": {
          "outputs": [
            {
              "name": "out",
              "path": "/nix/store/mhi45zliliv6qhvhb8g5sycy3jpv47rf-nixfmt-1.3.1",
              "default": true
            }
          ],
          "store_path": "/nix/store/mhi45zliliv6qhvhb8g5sycy3jpv47rf-nixfmt-1.3.1"
        }
      }
    }
  }
}
